<?xml version="1.0" encoding="utf-8"?>
<Project ToolsVersion="4.0" xmlns="http://schemas.microsoft.com/developer/msbuild/2003">
  <ItemGroup>
    <Filter Include="Source Files">
      <UniqueIdentifier>{4FC737F1-C7A5-4376-A066-2A32D752A2FF}</UniqueIdentifier>
      <Extensions>cpp;c;cc;cxx;c++;cppm;ixx;def;odl;idl;hpj;bat;asm;asmx</Extensions>
    </Filter>
    <Filter Include="Header Files">
      <UniqueIdentifier>{93995380-89BD-4b04-88EB-625FBE52EBFB}</UniqueIdentifier>
      <Extensions>h;hh;hpp;hxx;h++;hm;inl;inc;ipp;xsd</Extensions>
    </Filter>
    <Filter Include="Resource Files">
      <UniqueIdentifier>{67DA6AB6-F800-4c08-8B7A-83BB121AAD01}</UniqueIdentifier>
      <Extensions>rc;ico;cur;bmp;dlg;rc2;rct;bin;rgs;gif;jpg;jpeg;jpe;resx;tiff;tif;png;wav;mfcribbon-ms</Extensions>
    </Filter>
  </ItemGroup>
  <ItemGroup>
    <None Include="packages.config" />
  </ItemGroup>
  <ItemGroup>
    <ClCompile Include="main.cpp">
      <Filter>Source Files</Filter>
    </ClCompile>
    <ClCompile Include="Animation.cpp">
      <Filter>Source Files</Filter>
    </ClCompile>
    <ClCompile Include="Animations.cpp">
      <Filter>Source Files</Filter>
    </ClCompile>
    <ClCompile Include="Brick.cpp">
      <Filter>Source Files</Filter>
    </ClCompile>
    <ClCompile Include="Coin.cpp">
      <Filter>Source Files</Filter>
    </ClCompile>
    <ClCompile Include="Collision.cpp">
      <Filter>Source Files</Filter>
    </ClCompile>
    <ClCompile Include="debug.cpp">
      <Filter>Source Files</Filter>
    </ClCompile>
    <ClCompile Include="Game.cpp">
      <Filter>Source Files</Filter>
    </ClCompile>
    <ClCompile Include="GameObject.cpp">
      <Filter>Source Files</Filter>
    </ClCompile>
    <ClCompile Include="Goomba.cpp">
      <Filter>Source Files</Filter>
    </ClCompile>
    <ClCompile Include="Mario.cpp">
      <Filter>Source Files</Filter>
    </ClCompile>
    <ClCompile Include="Platform.cpp">
      <Filter>Source Files</Filter>
    </ClCompile>
    <ClCompile Include="SampleKeyEventHandler.cpp">
      <Filter>Source Files</Filter>
    </ClCompile>
    <ClCompile Include="Sprite.cpp">
      <Filter>Source Files</Filter>
    </ClCompile>
    <ClCompile Include="Sprites.cpp">
      <Filter>Source Files</Filter>
    </ClCompile>
    <ClCompile Include="Textures.cpp">
      <Filter>Source Files</Filter>
    </ClCompile>
    <ClCompile Include="PlayScene.cpp">
      <Filter>Source Files</Filter>
    </ClCompile>
    <ClCompile Include="Utils.cpp">
      <Filter>Source Files</Filter>
    </ClCompile>
    <ClCompile Include="Portal.cpp">
      <Filter>Source Files</Filter>
    </ClCompile>
    <ClCompile Include="CGround.cpp">
      <Filter>Source Files</Filter>
    </ClCompile>
    <ClCompile Include="ParaGoomba.cpp">
      <Filter>Source Files</Filter>
    </ClCompile>
    <ClCompile Include="CVenus.cpp">
      <Filter>Source Files</Filter>
    </ClCompile>
    <ClCompile Include="CQuestionBlock.cpp">
      <Filter>Source Files</Filter>
    </ClCompile>
    <ClCompile Include="ParaGoomba.cpp">
      <Filter>Source Files</Filter>
    </ClCompile>
    <ClCompile Include="CBulletVenus.cpp">
      <Filter>Source Files</Filter>
    </ClCompile>
    <ClCompile Include="CPowerUpItem.cpp">
      <Filter>Source Files</Filter>
    </ClCompile>
    <ClCompile Include="CPipe.cpp">
      <Filter>Source Files</Filter>
    </ClCompile>
    <ClCompile Include="CCoinItem.cpp">
      <Filter>Source Files</Filter>
    </ClCompile>
    <ClCompile Include="CKoopa.cpp">
      <Filter>Source Files</Filter>
    </ClCompile>
    <ClCompile Include="CSensorBox.cpp">
      <Filter>Source Files</Filter>
    </ClCompile>
    <ClCompile Include="CColorBlock.cpp">
      <Filter>Source Files</Filter>
    </ClCompile>
    <ClCompile Include="CBigBush.cpp">
      <Filter>Source Files</Filter>
    </ClCompile>
    <ClCompile Include="CDecoration.cpp">
      <Filter>Source Files</Filter>
    </ClCompile>
    <ClCompile Include="CWoodBlock.cpp">
      <Filter>Source Files</Filter>
    </ClCompile>
    <ClCompile Include="CPit.cpp">
      <Filter>Source Files</Filter>
    </ClCompile>
    <ClCompile Include="CSpawnBox.cpp">
      <Filter>Source Files</Filter>
    </ClCompile>
    <ClCompile Include="CHeadsUpDisplay.cpp">
      <Filter>Source Files</Filter>
    </ClCompile>
    <ClCompile Include="CBrokenBrickPiece.cpp">
      <Filter>Source Files</Filter>
    </ClCompile>
    <ClCompile Include="CMarioHitBox.cpp">
      <Filter>Source Files</Filter>
    </ClCompile>
    <ClCompile Include="CExtraLifeMushroom.cpp">
      <Filter>Source Files</Filter>
    </ClCompile>
    <ClCompile Include="CParaKoopa.cpp">
      <Filter>Source Files</Filter>
    </ClCompile>
    <ClCompile Include="CDigit.cpp">
      <Filter>Source Files</Filter>
    </ClCompile>
    <ClCompile Include="CPiranha.cpp">
      <Filter>Source Files</Filter>
    </ClCompile>
    <ClCompile Include="CNumber.cpp">
      <Filter>Source Files</Filter>
    </ClCompile>
    <ClCompile Include="CPSwitch.cpp">
      <Filter>Source Files</Filter>
    </ClCompile>
    <ClCompile Include="CPipePortal.cpp">
      <Filter>Source Files</Filter>
    </ClCompile>
  </ItemGroup>
  <ItemGroup>
    <ClInclude Include="Animation.h">
      <Filter>Header Files</Filter>
    </ClInclude>
    <ClInclude Include="AnimationFrame.h">
      <Filter>Header Files</Filter>
    </ClInclude>
    <ClInclude Include="Animations.h">
      <Filter>Header Files</Filter>
    </ClInclude>
    <ClInclude Include="AssetIDs.h">
      <Filter>Header Files</Filter>
    </ClInclude>
    <ClInclude Include="Brick.h">
      <Filter>Header Files</Filter>
    </ClInclude>
    <ClInclude Include="Coin.h">
      <Filter>Header Files</Filter>
    </ClInclude>
    <ClInclude Include="Collision.h">
      <Filter>Header Files</Filter>
    </ClInclude>
    <ClInclude Include="debug.h">
      <Filter>Header Files</Filter>
    </ClInclude>
    <ClInclude Include="Game.h">
      <Filter>Header Files</Filter>
    </ClInclude>
    <ClInclude Include="GameObject.h">
      <Filter>Header Files</Filter>
    </ClInclude>
    <ClInclude Include="Goomba.h">
      <Filter>Header Files</Filter>
    </ClInclude>
    <ClInclude Include="KeyEventHandler.h">
      <Filter>Header Files</Filter>
    </ClInclude>
    <ClInclude Include="Mario.h">
      <Filter>Header Files</Filter>
    </ClInclude>
    <ClInclude Include="Platform.h">
      <Filter>Header Files</Filter>
    </ClInclude>
    <ClInclude Include="SampleKeyEventHandler.h">
      <Filter>Header Files</Filter>
    </ClInclude>
    <ClInclude Include="Sprite.h">
      <Filter>Header Files</Filter>
    </ClInclude>
    <ClInclude Include="Sprites.h">
      <Filter>Header Files</Filter>
    </ClInclude>
    <ClInclude Include="Texture.h">
      <Filter>Header Files</Filter>
    </ClInclude>
    <ClInclude Include="Textures.h">
      <Filter>Header Files</Filter>
    </ClInclude>
    <ClInclude Include="Scene.h">
      <Filter>Header Files</Filter>
    </ClInclude>
    <ClInclude Include="PlayScene.h">
      <Filter>Header Files</Filter>
    </ClInclude>
    <ClInclude Include="Utils.h">
      <Filter>Header Files</Filter>
    </ClInclude>
    <ClInclude Include="Portal.h">
      <Filter>Header Files</Filter>
    </ClInclude>
    <ClInclude Include="CGround.h">
      <Filter>Header Files</Filter>
    </ClInclude>
    <ClInclude Include="ParaGoomba.h">
      <Filter>Header Files</Filter>
    </ClInclude>
    <ClInclude Include="CVenus.h">
      <Filter>Header Files</Filter>
    </ClInclude>
    <ClInclude Include="CQuestionBlock.h">
      <Filter>Header Files</Filter>
    </ClInclude>
    <ClInclude Include="ParaGoomba.h">
      <Filter>Header Files</Filter>
    </ClInclude>
    <ClInclude Include="CBulletVenus.h">
      <Filter>Header Files</Filter>
    </ClInclude>
    <ClInclude Include="CPowerUpItem.h">
      <Filter>Header Files</Filter>
    </ClInclude>
    <ClInclude Include="CPipe.h">
      <Filter>Header Files</Filter>
    </ClInclude>
    <ClInclude Include="CCoinItem.h">
      <Filter>Header Files</Filter>
    </ClInclude>
    <ClInclude Include="CKoopa.h">
      <Filter>Header Files</Filter>
    </ClInclude>
    <ClInclude Include="CSensorBox.h">
      <Filter>Header Files</Filter>
    </ClInclude>
    <ClInclude Include="CColorBlock.h">
      <Filter>Header Files</Filter>
    </ClInclude>
    <ClInclude Include="CBigBush.h">
      <Filter>Header Files</Filter>
    </ClInclude>
    <ClInclude Include="CDecoration.h">
      <Filter>Header Files</Filter>
    </ClInclude>
    <ClInclude Include="CWoodBlock.h">
      <Filter>Header Files</Filter>
    </ClInclude>
    <ClInclude Include="CPit.h">
      <Filter>Header Files</Filter>
    </ClInclude>
    <ClInclude Include="CSpawnBox.h">
      <Filter>Header Files</Filter>
    </ClInclude>
    <ClInclude Include="CHeadsUpDisplay.h">
      <Filter>Header Files</Filter>
    </ClInclude>
    <ClInclude Include="CBrokenBrickPiece.h">
      <Filter>Header Files</Filter>
    </ClInclude>
    <ClInclude Include="CMarioHitBox.h">
      <Filter>Header Files</Filter>
    </ClInclude>
    <ClInclude Include="CExtraLifeMushroom.h">
      <Filter>Header Files</Filter>
    </ClInclude>
    <ClInclude Include="CParaKoopa.h">
      <Filter>Header Files</Filter>
    </ClInclude>
    <ClInclude Include="CDigit.h">
      <Filter>Header Files</Filter>
    </ClInclude>
    <ClInclude Include="CPiranha.h">
      <Filter>Header Files</Filter>
    </ClInclude>
    <ClInclude Include="CNumber.h">
      <Filter>Header Files</Filter>
    </ClInclude>
    <ClInclude Include="CPSwitch.h">
      <Filter>Header Files</Filter>
    </ClInclude>
    <ClInclude Include="CPipePortal.h">
      <Filter>Header Files</Filter>
    </ClInclude>
  </ItemGroup>
</Project>